// !$*UTF8*$!
{
	archiveVersion = 1;
	classes = {
	};
	objectVersion = 56;
	objects = {

/* Begin PBXBuildFile section */
		2A3C39262B6A818A00A73916 /* SwiftfulCryptoApp.swift in Sources */ = {isa = PBXBuildFile; fileRef = 2A3C39252B6A818A00A73916 /* SwiftfulCryptoApp.swift */; };
		2A3C39282B6A818A00A73916 /* ContentView.swift in Sources */ = {isa = PBXBuildFile; fileRef = 2A3C39272B6A818A00A73916 /* ContentView.swift */; };
		2A3C392A2B6A818D00A73916 /* Assets.xcassets in Resources */ = {isa = PBXBuildFile; fileRef = 2A3C39292B6A818D00A73916 /* Assets.xcassets */; };
		2A3C392D2B6A818D00A73916 /* Preview Assets.xcassets in Resources */ = {isa = PBXBuildFile; fileRef = 2A3C392C2B6A818D00A73916 /* Preview Assets.xcassets */; };
		2A3C39372B6A84C800A73916 /* Color.swift in Sources */ = {isa = PBXBuildFile; fileRef = 2A3C39362B6A84C800A73916 /* Color.swift */; };
		2A3C393F2B6A88EF00A73916 /* HomeView.swift in Sources */ = {isa = PBXBuildFile; fileRef = 2A3C393E2B6A88EF00A73916 /* HomeView.swift */; };
		2A3C39432B6A89E600A73916 /* CircleButtonView.swift in Sources */ = {isa = PBXBuildFile; fileRef = 2A3C39422B6A89E600A73916 /* CircleButtonView.swift */; };
		2A3C39452B6A8D8D00A73916 /* CircleButtonAnimationView.swift in Sources */ = {isa = PBXBuildFile; fileRef = 2A3C39442B6A8D8D00A73916 /* CircleButtonAnimationView.swift */; };
		2A3C39482B6ABF5500A73916 /* CoinModel.swift in Sources */ = {isa = PBXBuildFile; fileRef = 2A3C39472B6ABF5500A73916 /* CoinModel.swift */; };
		2A3C394C2B6ADB3200A73916 /* PreviewProvider.swift in Sources */ = {isa = PBXBuildFile; fileRef = 2A3C394B2B6ADB3200A73916 /* PreviewProvider.swift */; };
		2A3C394E2B6AE07B00A73916 /* CoinRowView.swift in Sources */ = {isa = PBXBuildFile; fileRef = 2A3C394D2B6AE07B00A73916 /* CoinRowView.swift */; };
		2A3C39502B6AE3A300A73916 /* Double.swift in Sources */ = {isa = PBXBuildFile; fileRef = 2A3C394F2B6AE3A300A73916 /* Double.swift */; };
		2A3C39522B6BC16D00A73916 /* HomeViewModel.swift in Sources */ = {isa = PBXBuildFile; fileRef = 2A3C39512B6BC16D00A73916 /* HomeViewModel.swift */; };
		2A3C39552B6BF33900A73916 /* CoinDataService.swift in Sources */ = {isa = PBXBuildFile; fileRef = 2A3C39542B6BF33900A73916 /* CoinDataService.swift */; };
/* End PBXBuildFile section */

/* Begin PBXFileReference section */
		2A3C39222B6A818A00A73916 /* SwiftfulCrypto.app */ = {isa = PBXFileReference; explicitFileType = wrapper.application; includeInIndex = 0; path = SwiftfulCrypto.app; sourceTree = BUILT_PRODUCTS_DIR; };
		2A3C39252B6A818A00A73916 /* SwiftfulCryptoApp.swift */ = {isa = PBXFileReference; lastKnownFileType = sourcecode.swift; path = SwiftfulCryptoApp.swift; sourceTree = "<group>"; };
		2A3C39272B6A818A00A73916 /* ContentView.swift */ = {isa = PBXFileReference; lastKnownFileType = sourcecode.swift; path = ContentView.swift; sourceTree = "<group>"; };
		2A3C39292B6A818D00A73916 /* Assets.xcassets */ = {isa = PBXFileReference; lastKnownFileType = folder.assetcatalog; path = Assets.xcassets; sourceTree = "<group>"; };
		2A3C392C2B6A818D00A73916 /* Preview Assets.xcassets */ = {isa = PBXFileReference; lastKnownFileType = folder.assetcatalog; path = "Preview Assets.xcassets"; sourceTree = "<group>"; };
		2A3C39362B6A84C800A73916 /* Color.swift */ = {isa = PBXFileReference; lastKnownFileType = sourcecode.swift; path = Color.swift; sourceTree = "<group>"; };
		2A3C393E2B6A88EF00A73916 /* HomeView.swift */ = {isa = PBXFileReference; lastKnownFileType = sourcecode.swift; path = HomeView.swift; sourceTree = "<group>"; };
		2A3C39422B6A89E600A73916 /* CircleButtonView.swift */ = {isa = PBXFileReference; lastKnownFileType = sourcecode.swift; path = CircleButtonView.swift; sourceTree = "<group>"; };
		2A3C39442B6A8D8D00A73916 /* CircleButtonAnimationView.swift */ = {isa = PBXFileReference; lastKnownFileType = sourcecode.swift; path = CircleButtonAnimationView.swift; sourceTree = "<group>"; };
		2A3C39472B6ABF5500A73916 /* CoinModel.swift */ = {isa = PBXFileReference; lastKnownFileType = sourcecode.swift; path = CoinModel.swift; sourceTree = "<group>"; };
		2A3C394B2B6ADB3200A73916 /* PreviewProvider.swift */ = {isa = PBXFileReference; lastKnownFileType = sourcecode.swift; path = PreviewProvider.swift; sourceTree = "<group>"; };
		2A3C394D2B6AE07B00A73916 /* CoinRowView.swift */ = {isa = PBXFileReference; lastKnownFileType = sourcecode.swift; path = CoinRowView.swift; sourceTree = "<group>"; };
		2A3C394F2B6AE3A300A73916 /* Double.swift */ = {isa = PBXFileReference; lastKnownFileType = sourcecode.swift; path = Double.swift; sourceTree = "<group>"; };
		2A3C39512B6BC16D00A73916 /* HomeViewModel.swift */ = {isa = PBXFileReference; lastKnownFileType = sourcecode.swift; path = HomeViewModel.swift; sourceTree = "<group>"; };
		2A3C39542B6BF33900A73916 /* CoinDataService.swift */ = {isa = PBXFileReference; lastKnownFileType = sourcecode.swift; path = CoinDataService.swift; sourceTree = "<group>"; };
/* End PBXFileReference section */

/* Begin PBXFrameworksBuildPhase section */
		2A3C391F2B6A818A00A73916 /* Frameworks */ = {
			isa = PBXFrameworksBuildPhase;
			buildActionMask = 2147483647;
			files = (
			);
			runOnlyForDeploymentPostprocessing = 0;
		};
/* End PBXFrameworksBuildPhase section */

/* Begin PBXGroup section */
		2A3C39192B6A818A00A73916 = {
			isa = PBXGroup;
			children = (
				2A3C39242B6A818A00A73916 /* SwiftfulCrypto */,
				2A3C39232B6A818A00A73916 /* Products */,
			);
			sourceTree = "<group>";
		};
		2A3C39232B6A818A00A73916 /* Products */ = {
			isa = PBXGroup;
			children = (
				2A3C39222B6A818A00A73916 /* SwiftfulCrypto.app */,
			);
			name = Products;
			sourceTree = "<group>";
		};
		2A3C39242B6A818A00A73916 /* SwiftfulCrypto */ = {
			isa = PBXGroup;
			children = (
				2A3C39252B6A818A00A73916 /* SwiftfulCryptoApp.swift */,
				2A3C39352B6A84B200A73916 /* Extensions */,
				2A3C39532B6BF30D00A73916 /* Services */,
				2A3C39462B6ABF2100A73916 /* Models */,
				2A3C39382B6A886100A73916 /* Core */,
				2A3C39272B6A818A00A73916 /* ContentView.swift */,
				2A3C39292B6A818D00A73916 /* Assets.xcassets */,
				2A3C392B2B6A818D00A73916 /* Preview Content */,
			);
			path = SwiftfulCrypto;
			sourceTree = "<group>";
		};
		2A3C392B2B6A818D00A73916 /* Preview Content */ = {
			isa = PBXGroup;
			children = (
				2A3C392C2B6A818D00A73916 /* Preview Assets.xcassets */,
			);
			path = "Preview Content";
			sourceTree = "<group>";
		};
		2A3C39352B6A84B200A73916 /* Extensions */ = {
			isa = PBXGroup;
			children = (
				2A3C39362B6A84C800A73916 /* Color.swift */,
				2A3C394B2B6ADB3200A73916 /* PreviewProvider.swift */,
				2A3C394F2B6AE3A300A73916 /* Double.swift */,
			);
			path = Extensions;
			sourceTree = "<group>";
		};
		2A3C39382B6A886100A73916 /* Core */ = {
			isa = PBXGroup;
			children = (
				2A3C39402B6A89C100A73916 /* Components */,
				2A3C39392B6A88A900A73916 /* Home */,
			);
			path = Core;
			sourceTree = "<group>";
		};
		2A3C39392B6A88A900A73916 /* Home */ = {
			isa = PBXGroup;
			children = (
				2A3C393B2B6A88BE00A73916 /* ViewModels */,
				2A3C393A2B6A88B300A73916 /* Views */,
			);
			path = Home;
			sourceTree = "<group>";
		};
		2A3C393A2B6A88B300A73916 /* Views */ = {
			isa = PBXGroup;
			children = (
				2A3C393E2B6A88EF00A73916 /* HomeView.swift */,
				2A3C394D2B6AE07B00A73916 /* CoinRowView.swift */,
			);
			path = Views;
			sourceTree = "<group>";
		};
		2A3C393B2B6A88BE00A73916 /* ViewModels */ = {
			isa = PBXGroup;
			children = (
				2A3C39512B6BC16D00A73916 /* HomeViewModel.swift */,
			);
			path = ViewModels;
			sourceTree = "<group>";
		};
		2A3C39402B6A89C100A73916 /* Components */ = {
			isa = PBXGroup;
			children = (
				2A3C39412B6A89D700A73916 /* CircleButton */,
			);
			path = Components;
			sourceTree = "<group>";
		};
		2A3C39412B6A89D700A73916 /* CircleButton */ = {
			isa = PBXGroup;
			children = (
				2A3C39422B6A89E600A73916 /* CircleButtonView.swift */,
				2A3C39442B6A8D8D00A73916 /* CircleButtonAnimationView.swift */,
			);
			path = CircleButton;
			sourceTree = "<group>";
		};
		2A3C39462B6ABF2100A73916 /* Models */ = {
			isa = PBXGroup;
			children = (
				2A3C39472B6ABF5500A73916 /* CoinModel.swift */,
			);
			path = Models;
			sourceTree = "<group>";
		};
		2A3C39532B6BF30D00A73916 /* Services */ = {
			isa = PBXGroup;
			children = (
				2A3C39542B6BF33900A73916 /* CoinDataService.swift */,
			);
			path = Services;
			sourceTree = "<group>";
		};
/* End PBXGroup section */

/* Begin PBXNativeTarget section */
		2A3C39212B6A818A00A73916 /* SwiftfulCrypto */ = {
			isa = PBXNativeTarget;
			buildConfigurationList = 2A3C39302B6A818D00A73916 /* Build configuration list for PBXNativeTarget "SwiftfulCrypto" */;
			buildPhases = (
				2A3C391E2B6A818A00A73916 /* Sources */,
				2A3C391F2B6A818A00A73916 /* Frameworks */,
				2A3C39202B6A818A00A73916 /* Resources */,
			);
			buildRules = (
			);
			dependencies = (
			);
			name = SwiftfulCrypto;
			productName = SwiftfulCrypto;
			productReference = 2A3C39222B6A818A00A73916 /* SwiftfulCrypto.app */;
			productType = "com.apple.product-type.application";
		};
/* End PBXNativeTarget section */

/* Begin PBXProject section */
		2A3C391A2B6A818A00A73916 /* Project object */ = {
			isa = PBXProject;
			attributes = {
				BuildIndependentTargetsInParallel = 1;
				LastSwiftUpdateCheck = 1500;
				LastUpgradeCheck = 1500;
				TargetAttributes = {
					2A3C39212B6A818A00A73916 = {
						CreatedOnToolsVersion = 15.0.1;
					};
				};
			};
			buildConfigurationList = 2A3C391D2B6A818A00A73916 /* Build configuration list for PBXProject "SwiftfulCrypto" */;
			compatibilityVersion = "Xcode 14.0";
			developmentRegion = en;
			hasScannedForEncodings = 0;
			knownRegions = (
				en,
				Base,
			);
			mainGroup = 2A3C39192B6A818A00A73916;
			productRefGroup = 2A3C39232B6A818A00A73916 /* Products */;
			projectDirPath = "";
			projectRoot = "";
			targets = (
				2A3C39212B6A818A00A73916 /* SwiftfulCrypto */,
			);
		};
/* End PBXProject section */

/* Begin PBXResourcesBuildPhase section */
		2A3C39202B6A818A00A73916 /* Resources */ = {
			isa = PBXResourcesBuildPhase;
			buildActionMask = 2147483647;
			files = (
				2A3C392D2B6A818D00A73916 /* Preview Assets.xcassets in Resources */,
				2A3C392A2B6A818D00A73916 /* Assets.xcassets in Resources */,
			);
			runOnlyForDeploymentPostprocessing = 0;
		};
/* End PBXResourcesBuildPhase section */

/* Begin PBXSourcesBuildPhase section */
		2A3C391E2B6A818A00A73916 /* Sources */ = {
			isa = PBXSourcesBuildPhase;
			buildActionMask = 2147483647;
			files = (
				2A3C39552B6BF33900A73916 /* CoinDataService.swift in Sources */,
				2A3C394E2B6AE07B00A73916 /* CoinRowView.swift in Sources */,
				2A3C39522B6BC16D00A73916 /* HomeViewModel.swift in Sources */,
				2A3C39282B6A818A00A73916 /* ContentView.swift in Sources */,
				2A3C393F2B6A88EF00A73916 /* HomeView.swift in Sources */,
				2A3C39262B6A818A00A73916 /* SwiftfulCryptoApp.swift in Sources */,
				2A3C39432B6A89E600A73916 /* CircleButtonView.swift in Sources */,
				2A3C39372B6A84C800A73916 /* Color.swift in Sources */,
				2A3C39452B6A8D8D00A73916 /* CircleButtonAnimationView.swift in Sources */,
				2A3C394C2B6ADB3200A73916 /* PreviewProvider.swift in Sources */,
				2A3C39502B6AE3A300A73916 /* Double.swift in Sources */,
				2A3C39482B6ABF5500A73916 /* CoinModel.swift in Sources */,
			);
			runOnlyForDeploymentPostprocessing = 0;
		};
/* End PBXSourcesBuildPhase section */

/* Begin XCBuildConfiguration section */
		2A3C392E2B6A818D00A73916 /* Debug */ = {
			isa = XCBuildConfiguration;
			buildSettings = {
				ALWAYS_SEARCH_USER_PATHS = NO;
				ASSETCATALOG_COMPILER_GENERATE_SWIFT_ASSET_SYMBOL_EXTENSIONS = YES;
				CLANG_ANALYZER_NONNULL = YES;
				CLANG_ANALYZER_NUMBER_OBJECT_CONVERSION = YES_AGGRESSIVE;
				CLANG_CXX_LANGUAGE_STANDARD = "gnu++20";
				CLANG_ENABLE_MODULES = YES;
				CLANG_ENABLE_OBJC_ARC = YES;
				CLANG_ENABLE_OBJC_WEAK = YES;
				CLANG_WARN_BLOCK_CAPTURE_AUTORELEASING = YES;
				CLANG_WARN_BOOL_CONVERSION = YES;
				CLANG_WARN_COMMA = YES;
				CLANG_WARN_CONSTANT_CONVERSION = YES;
				CLANG_WARN_DEPRECATED_OBJC_IMPLEMENTATIONS = YES;
				CLANG_WARN_DIRECT_OBJC_ISA_USAGE = YES_ERROR;
				CLANG_WARN_DOCUMENTATION_COMMENTS = YES;
				CLANG_WARN_EMPTY_BODY = YES;
				CLANG_WARN_ENUM_CONVERSION = YES;
				CLANG_WARN_INFINITE_RECURSION = YES;
				CLANG_WARN_INT_CONVERSION = YES;
				CLANG_WARN_NON_LITERAL_NULL_CONVERSION = YES;
				CLANG_WARN_OBJC_IMPLICIT_RETAIN_SELF = YES;
				CLANG_WARN_OBJC_LITERAL_CONVERSION = YES;
				CLANG_WARN_OBJC_ROOT_CLASS = YES_ERROR;
				CLANG_WARN_QUOTED_INCLUDE_IN_FRAMEWORK_HEADER = YES;
				CLANG_WARN_RANGE_LOOP_ANALYSIS = YES;
				CLANG_WARN_STRICT_PROTOTYPES = YES;
				CLANG_WARN_SUSPICIOUS_MOVE = YES;
				CLANG_WARN_UNGUARDED_AVAILABILITY = YES_AGGRESSIVE;
				CLANG_WARN_UNREACHABLE_CODE = YES;
				CLANG_WARN__DUPLICATE_METHOD_MATCH = YES;
				COPY_PHASE_STRIP = NO;
				DEBUG_INFORMATION_FORMAT = dwarf;
				ENABLE_STRICT_OBJC_MSGSEND = YES;
				ENABLE_TESTABILITY = YES;
				ENABLE_USER_SCRIPT_SANDBOXING = YES;
				GCC_C_LANGUAGE_STANDARD = gnu17;
				GCC_DYNAMIC_NO_PIC = NO;
				GCC_NO_COMMON_BLOCKS = YES;
				GCC_OPTIMIZATION_LEVEL = 0;
				GCC_PREPROCESSOR_DEFINITIONS = (
					"DEBUG=1",
					"$(inherited)",
				);
				GCC_WARN_64_TO_32_BIT_CONVERSION = YES;
				GCC_WARN_ABOUT_RETURN_TYPE = YES_ERROR;
				GCC_WARN_UNDECLARED_SELECTOR = YES;
				GCC_WARN_UNINITIALIZED_AUTOS = YES_AGGRESSIVE;
				GCC_WARN_UNUSED_FUNCTION = YES;
				GCC_WARN_UNUSED_VARIABLE = YES;
				IPHONEOS_DEPLOYMENT_TARGET = 17.0;
				LOCALIZATION_PREFERS_STRING_CATALOGS = YES;
				MTL_ENABLE_DEBUG_INFO = INCLUDE_SOURCE;
				MTL_FAST_MATH = YES;
				ONLY_ACTIVE_ARCH = YES;
				SDKROOT = iphoneos;
				SWIFT_ACTIVE_COMPILATION_CONDITIONS = "DEBUG $(inherited)";
				SWIFT_OPTIMIZATION_LEVEL = "-Onone";
			};
			name = Debug;
		};
		2A3C392F2B6A818D00A73916 /* Release */ = {
			isa = XCBuildConfiguration;
			buildSettings = {
				ALWAYS_SEARCH_USER_PATHS = NO;
				ASSETCATALOG_COMPILER_GENERATE_SWIFT_ASSET_SYMBOL_EXTENSIONS = YES;
				CLANG_ANALYZER_NONNULL = YES;
				CLANG_ANALYZER_NUMBER_OBJECT_CONVERSION = YES_AGGRESSIVE;
				CLANG_CXX_LANGUAGE_STANDARD = "gnu++20";
				CLANG_ENABLE_MODULES = YES;
				CLANG_ENABLE_OBJC_ARC = YES;
				CLANG_ENABLE_OBJC_WEAK = YES;
				CLANG_WARN_BLOCK_CAPTURE_AUTORELEASING = YES;
				CLANG_WARN_BOOL_CONVERSION = YES;
				CLANG_WARN_COMMA = YES;
				CLANG_WARN_CONSTANT_CONVERSION = YES;
				CLANG_WARN_DEPRECATED_OBJC_IMPLEMENTATIONS = YES;
				CLANG_WARN_DIRECT_OBJC_ISA_USAGE = YES_ERROR;
				CLANG_WARN_DOCUMENTATION_COMMENTS = YES;
				CLANG_WARN_EMPTY_BODY = YES;
				CLANG_WARN_ENUM_CONVERSION = YES;
				CLANG_WARN_INFINITE_RECURSION = YES;
				CLANG_WARN_INT_CONVERSION = YES;
				CLANG_WARN_NON_LITERAL_NULL_CONVERSION = YES;
				CLANG_WARN_OBJC_IMPLICIT_RETAIN_SELF = YES;
				CLANG_WARN_OBJC_LITERAL_CONVERSION = YES;
				CLANG_WARN_OBJC_ROOT_CLASS = YES_ERROR;
				CLANG_WARN_QUOTED_INCLUDE_IN_FRAMEWORK_HEADER = YES;
				CLANG_WARN_RANGE_LOOP_ANALYSIS = YES;
				CLANG_WARN_STRICT_PROTOTYPES = YES;
				CLANG_WARN_SUSPICIOUS_MOVE = YES;
				CLANG_WARN_UNGUARDED_AVAILABILITY = YES_AGGRESSIVE;
				CLANG_WARN_UNREACHABLE_CODE = YES;
				CLANG_WARN__DUPLICATE_METHOD_MATCH = YES;
				COPY_PHASE_STRIP = NO;
				DEBUG_INFORMATION_FORMAT = "dwarf-with-dsym";
				ENABLE_NS_ASSERTIONS = NO;
				ENABLE_STRICT_OBJC_MSGSEND = YES;
				ENABLE_USER_SCRIPT_SANDBOXING = YES;
				GCC_C_LANGUAGE_STANDARD = gnu17;
				GCC_NO_COMMON_BLOCKS = YES;
				GCC_WARN_64_TO_32_BIT_CONVERSION = YES;
				GCC_WARN_ABOUT_RETURN_TYPE = YES_ERROR;
				GCC_WARN_UNDECLARED_SELECTOR = YES;
				GCC_WARN_UNINITIALIZED_AUTOS = YES_AGGRESSIVE;
				GCC_WARN_UNUSED_FUNCTION = YES;
				GCC_WARN_UNUSED_VARIABLE = YES;
				IPHONEOS_DEPLOYMENT_TARGET = 17.0;
				LOCALIZATION_PREFERS_STRING_CATALOGS = YES;
				MTL_ENABLE_DEBUG_INFO = NO;
				MTL_FAST_MATH = YES;
				SDKROOT = iphoneos;
				SWIFT_COMPILATION_MODE = wholemodule;
				VALIDATE_PRODUCT = YES;
			};
			name = Release;
		};
		2A3C39312B6A818D00A73916 /* Debug */ = {
			isa = XCBuildConfiguration;
			buildSettings = {
				ASSETCATALOG_COMPILER_APPICON_NAME = AppIcon;
				ASSETCATALOG_COMPILER_GLOBAL_ACCENT_COLOR_NAME = AccentColor;
				CODE_SIGN_STYLE = Automatic;
				CURRENT_PROJECT_VERSION = 1;
				DEVELOPMENT_ASSET_PATHS = "\"SwiftfulCrypto/Preview Content\"";
				DEVELOPMENT_TEAM = HW8AY42828;
				ENABLE_PREVIEWS = YES;
				GENERATE_INFOPLIST_FILE = YES;
				INFOPLIST_KEY_CFBundleDisplayName = "Crypto Tracker";
				INFOPLIST_KEY_UIApplicationSceneManifest_Generation = YES;
				INFOPLIST_KEY_UIApplicationSupportsIndirectInputEvents = YES;
				INFOPLIST_KEY_UILaunchScreen_Generation = YES;
				INFOPLIST_KEY_UISupportedInterfaceOrientations_iPad = "UIInterfaceOrientationPortrait UIInterfaceOrientationPortraitUpsideDown UIInterfaceOrientationLandscapeLeft UIInterfaceOrientationLandscapeRight";
				INFOPLIST_KEY_UISupportedInterfaceOrientations_iPhone = "UIInterfaceOrientationPortrait UIInterfaceOrientationLandscapeLeft UIInterfaceOrientationLandscapeRight";
				LD_RUNPATH_SEARCH_PATHS = (
					"$(inherited)",
					"@executable_path/Frameworks",
				);
				MARKETING_VERSION = 1.0;
				PRODUCT_BUNDLE_IDENTIFIER = msaiddede.SwiftfulCrypto;
				PRODUCT_NAME = "$(TARGET_NAME)";
				SUPPORTED_PLATFORMS = "iphoneos iphonesimulator";
				SUPPORTS_MACCATALYST = NO;
				SUPPORTS_MAC_DESIGNED_FOR_IPHONE_IPAD = NO;
				SWIFT_EMIT_LOC_STRINGS = YES;
				SWIFT_VERSION = 5.0;
				TARGETED_DEVICE_FAMILY = "1,2";
			};
			name = Debug;
		};
		2A3C39322B6A818D00A73916 /* Release */ = {
			isa = XCBuildConfiguration;
			buildSettings = {
				ASSETCATALOG_COMPILER_APPICON_NAME = AppIcon;
				ASSETCATALOG_COMPILER_GLOBAL_ACCENT_COLOR_NAME = AccentColor;
				CODE_SIGN_STYLE = Automatic;
				CURRENT_PROJECT_VERSION = 1;
				DEVELOPMENT_ASSET_PATHS = "\"SwiftfulCrypto/Preview Content\"";
				DEVELOPMENT_TEAM = HW8AY42828;
				ENABLE_PREVIEWS = YES;
				GENERATE_INFOPLIST_FILE = YES;
				INFOPLIST_KEY_CFBundleDisplayName = "Crypto Tracker";
				INFOPLIST_KEY_UIApplicationSceneManifest_Generation = YES;
				INFOPLIST_KEY_UIApplicationSupportsIndirectInputEvents = YES;
				INFOPLIST_KEY_UILaunchScreen_Generation = YES;
				INFOPLIST_KEY_UISupportedInterfaceOrientations_iPad = "UIInterfaceOrientationPortrait UIInterfaceOrientationPortraitUpsideDown UIInterfaceOrientationLandscapeLeft UIInterfaceOrientationLandscapeRight";
				INFOPLIST_KEY_UISupportedInterfaceOrientations_iPhone = "UIInterfaceOrientationPortrait UIInterfaceOrientationLandscapeLeft UIInterfaceOrientationLandscapeRight";
				LD_RUNPATH_SEARCH_PATHS = (
					"$(inherited)",
					"@executable_path/Frameworks",
				);
				MARKETING_VERSION = 1.0;
				PRODUCT_BUNDLE_IDENTIFIER = msaiddede.SwiftfulCrypto;
				PRODUCT_NAME = "$(TARGET_NAME)";
				SUPPORTED_PLATFORMS = "iphoneos iphonesimulator";
				SUPPORTS_MACCATALYST = NO;
				SUPPORTS_MAC_DESIGNED_FOR_IPHONE_IPAD = NO;
				SWIFT_EMIT_LOC_STRINGS = YES;
				SWIFT_VERSION = 5.0;
				TARGETED_DEVICE_FAMILY = "1,2";
			};
			name = Release;
		};
/* End XCBuildConfiguration section */

/* Begin XCConfigurationList section */
		2A3C391D2B6A818A00A73916 /* Build configuration list for PBXProject "SwiftfulCrypto" */ = {
			isa = XCConfigurationList;
			buildConfigurations = (
				2A3C392E2B6A818D00A73916 /* Debug */,
				2A3C392F2B6A818D00A73916 /* Release */,
			);
			defaultConfigurationIsVisible = 0;
			defaultConfigurationName = Release;
		};
		2A3C39302B6A818D00A73916 /* Build configuration list for PBXNativeTarget "SwiftfulCrypto" */ = {
			isa = XCConfigurationList;
			buildConfigurations = (
				2A3C39312B6A818D00A73916 /* Debug */,
				2A3C39322B6A818D00A73916 /* Release */,
			);
			defaultConfigurationIsVisible = 0;
			defaultConfigurationName = Release;
		};
/* End XCConfigurationList section */
	};
	rootObject = 2A3C391A2B6A818A00A73916 /* Project object */;
}
